{
  "requires": true,
  "lockfileVersion": 1,
  "dependencies": {
    "@types/node": {
      "version": "14.0.27",
      "resolved": "https://registry.npmjs.org/@types/node/-/node-14.0.27.tgz",
      "integrity": "sha512-kVrqXhbclHNHGu9ztnAwSncIgJv/FaxmzXJvGXNdcCpV1b8u1/Mi6z6m0vwy0LzKeXFTPLH0NzwmoJ3fNCIq0g=="
    },
    "@types/papaparse": {
      "version": "5.0.6",
      "resolved": "https://registry.npmjs.org/@types/papaparse/-/papaparse-5.0.6.tgz",
      "integrity": "sha512-fCQnycsOSviVLtxuydQ82IhTAv1lSPIA8zY3sYaRHI00lERsa7QSA616HsQZixqEF2asGXZag3hM13N8bm/jAw==",
      "requires": {
        "@types/node": "*"
      }
    },
    "papaparse": {
      "version": "5.2.0",
      "resolved": "https://registry.npmjs.org/papaparse/-/papaparse-5.2.0.tgz",
      "integrity": "sha512-ylq1wgUSnagU+MKQtNeVqrPhZuMYBvOSL00DHycFTCxownF95gpLAk1HiHdUW77N8yxRq1qHXLdlIPyBSG9NSA=="
    },
    "react-csv-reader": {
      "version": "3.1.0",
      "resolved": "https://registry.npmjs.org/react-csv-reader/-/react-csv-reader-3.1.0.tgz",
      "integrity": "sha512-ZIPhKtitu2UlXJKCQJWJvvJ12GXuQLtQjsiTRubBT1sRNPc85rCT8w5LSHDdvvnCVoDcamqq5Cus2bBrsm/ypw==",
      "requires": {
        "@types/papaparse": "^5.0.3",
        "papaparse": "^5.1.1"
      }
    }
  }
}
